{
    "version": 3,
    "terraform_version": "0.11.11",
    "serial": 2,
    "lineage": "5dd5a01c-d26c-784d-e0e7-5ea6b85823c2",
    "modules": [
        {
            "path": [
                "root"
            ],
            "outputs": {},
            "resources": {
                "aws_default_network_acl.PublicSubnetNetworkAclAssociation": {
                    "type": "aws_default_network_acl",
                    "depends_on": [
                        "aws_vpc.Apache_VPC"
                    ],
                    "primary": {
                        "id": "acl-0834a898f8a2a6dd9",
                        "attributes": {
                            "default_network_acl_id": "acl-0834a898f8a2a6dd9",
                            "egress.#": "0",
                            "id": "acl-0834a898f8a2a6dd9",
                            "ingress.#": "0",
                            "owner_id": "813368204730",
                            "subnet_ids.#": "1",
                            "subnet_ids.3813748196": "subnet-0a8e26895d0b4cdf0",
                            "tags.%": "0",
                            "vpc_id": "vpc-0621fa82c67d25394"
                        },
                        "meta": {},
                        "tainted": false
                    },
                    "deposed": [],
                    "provider": "provider.aws"
                },
                "aws_internet_gateway.InternetGateway": {
                    "type": "aws_internet_gateway",
                    "depends_on": [
                        "aws_vpc.Apache_VPC"
                    ],
                    "primary": {
                        "id": "igw-05854f100c4957edd",
                        "attributes": {
                            "id": "igw-05854f100c4957edd",
                            "owner_id": "813368204730",
                            "tags.%": "1",
                            "tags.Name": "InternetGateway",
                            "vpc_id": "vpc-0621fa82c67d25394"
                        },
                        "meta": {},
                        "tainted": false
                    },
                    "deposed": [],
                    "provider": "provider.aws"
                },
                "aws_route.PublicRoute": {
                    "type": "aws_route",
                    "depends_on": [
                        "aws_internet_gateway.InternetGateway",
                        "aws_route_table.PublicRouteTable"
                    ],
                    "primary": {
                        "id": "r-rtb-0f318636d6c211b7b1080289494",
                        "attributes": {
                            "destination_cidr_block": "0.0.0.0/0",
                            "destination_prefix_list_id": "",
                            "egress_only_gateway_id": "",
                            "gateway_id": "igw-05854f100c4957edd",
                            "id": "r-rtb-0f318636d6c211b7b1080289494",
                            "instance_id": "",
                            "instance_owner_id": "",
                            "nat_gateway_id": "",
                            "network_interface_id": "",
                            "origin": "CreateRoute",
                            "route_table_id": "rtb-0f318636d6c211b7b",
                            "state": "active",
                            "transit_gateway_id": "",
                            "vpc_peering_connection_id": ""
                        },
                        "meta": {
                            "e2bfb730-ecaa-11e6-8f88-34363bc7c4c0": {
                                "create": 120000000000,
                                "delete": 300000000000
                            }
                        },
                        "tainted": false
                    },
                    "deposed": [],
                    "provider": "provider.aws"
                },
                "aws_route_table.PublicRouteTable": {
                    "type": "aws_route_table",
                    "depends_on": [
                        "aws_vpc.Apache_VPC"
                    ],
                    "primary": {
                        "id": "rtb-0f318636d6c211b7b",
                        "attributes": {
                            "id": "rtb-0f318636d6c211b7b",
                            "owner_id": "813368204730",
                            "propagating_vgws.#": "0",
                            "route.#": "0",
                            "tags.%": "1",
                            "tags.Name": "PublicRouteTable",
                            "vpc_id": "vpc-0621fa82c67d25394"
                        },
                        "meta": {},
                        "tainted": false
                    },
                    "deposed": [],
                    "provider": "provider.aws"
                },
                "aws_route_table_association.PublicSubnetRouteTableAssociation": {
                    "type": "aws_route_table_association",
                    "depends_on": [
                        "aws_route_table.PublicRouteTable",
                        "aws_subnet.PublicSubnet"
                    ],
                    "primary": {
                        "id": "rtbassoc-0d149f2042b40d282",
                        "attributes": {
                            "id": "rtbassoc-0d149f2042b40d282",
                            "route_table_id": "rtb-0f318636d6c211b7b",
                            "subnet_id": "subnet-0a8e26895d0b4cdf0"
                        },
                        "meta": {},
                        "tainted": false
                    },
                    "deposed": [],
                    "provider": "provider.aws"
                },
                "aws_security_group.WebServerSecurityGroup": {
                    "type": "aws_security_group",
                    "depends_on": [
                        "aws_vpc.Apache_VPC"
                    ],
                    "primary": {
                        "id": "sg-0a74de4ce86e325fe",
                        "attributes": {
                            "arn": "arn:aws:ec2:us-west-2:813368204730:security-group/sg-0a74de4ce86e325fe",
                            "description": "Enable HTTP ingress",
                            "egress.#": "0",
                            "id": "sg-0a74de4ce86e325fe",
                            "ingress.#": "2",
                            "ingress.2214680975.cidr_blocks.#": "1",
                            "ingress.2214680975.cidr_blocks.0": "0.0.0.0/0",
                            "ingress.2214680975.description": "",
                            "ingress.2214680975.from_port": "80",
                            "ingress.2214680975.ipv6_cidr_blocks.#": "0",
                            "ingress.2214680975.prefix_list_ids.#": "0",
                            "ingress.2214680975.protocol": "tcp",
                            "ingress.2214680975.security_groups.#": "0",
                            "ingress.2214680975.self": "false",
                            "ingress.2214680975.to_port": "80",
                            "ingress.2541437006.cidr_blocks.#": "1",
                            "ingress.2541437006.cidr_blocks.0": "0.0.0.0/0",
                            "ingress.2541437006.description": "",
                            "ingress.2541437006.from_port": "22",
                            "ingress.2541437006.ipv6_cidr_blocks.#": "0",
                            "ingress.2541437006.prefix_list_ids.#": "0",
                            "ingress.2541437006.protocol": "tcp",
                            "ingress.2541437006.security_groups.#": "0",
                            "ingress.2541437006.self": "false",
                            "ingress.2541437006.to_port": "22",
                            "name": "WebServerSecurityGroup",
                            "owner_id": "813368204730",
                            "revoke_rules_on_delete": "false",
                            "tags.%": "1",
                            "tags.Name": "WebServerSecurityGroup",
                            "vpc_id": "vpc-0621fa82c67d25394"
                        },
                        "meta": {
                            "e2bfb730-ecaa-11e6-8f88-34363bc7c4c0": {
                                "create": 600000000000,
                                "delete": 600000000000
                            },
                            "schema_version": "1"
                        },
                        "tainted": false
                    },
                    "deposed": [],
                    "provider": "provider.aws"
                },
                "aws_subnet.PublicSubnet": {
                    "type": "aws_subnet",
                    "depends_on": [
                        "aws_vpc.Apache_VPC"
                    ],
                    "primary": {
                        "id": "subnet-0a8e26895d0b4cdf0",
                        "attributes": {
                            "arn": "arn:aws:ec2:us-west-2:813368204730:subnet/subnet-0a8e26895d0b4cdf0",
                            "assign_ipv6_address_on_creation": "false",
                            "availability_zone": "us-west-2b",
                            "availability_zone_id": "usw2-az1",
                            "cidr_block": "10.0.1.0/24",
                            "id": "subnet-0a8e26895d0b4cdf0",
                            "ipv6_cidr_block": "",
                            "ipv6_cidr_block_association_id": "",
                            "map_public_ip_on_launch": "false",
                            "owner_id": "813368204730",
                            "tags.%": "1",
                            "tags.Name": "PublicSubnet",
                            "vpc_id": "vpc-0621fa82c67d25394"
                        },
                        "meta": {
                            "e2bfb730-ecaa-11e6-8f88-34363bc7c4c0": {
                                "create": 600000000000,
                                "delete": 600000000000
                            },
                            "schema_version": "1"
                        },
                        "tainted": false
                    },
                    "deposed": [],
                    "provider": "provider.aws"
                },
                "aws_vpc.Apache_VPC": {
                    "type": "aws_vpc",
                    "depends_on": [],
                    "primary": {
                        "id": "vpc-0621fa82c67d25394",
                        "attributes": {
                            "arn": "arn:aws:ec2:us-west-2:813368204730:vpc/vpc-0621fa82c67d25394",
                            "assign_generated_ipv6_cidr_block": "false",
                            "cidr_block": "10.0.0.0/16",
                            "default_network_acl_id": "acl-0834a898f8a2a6dd9",
                            "default_route_table_id": "rtb-075e842151e7d0e9f",
                            "default_security_group_id": "sg-0a81a61cf32c6d6ca",
                            "dhcp_options_id": "dopt-9b0e87fc",
                            "enable_classiclink": "false",
                            "enable_classiclink_dns_support": "false",
                            "enable_dns_hostnames": "true",
                            "enable_dns_support": "true",
                            "id": "vpc-0621fa82c67d25394",
                            "instance_tenancy": "default",
                            "ipv6_association_id": "",
                            "ipv6_cidr_block": "",
                            "main_route_table_id": "rtb-075e842151e7d0e9f",
                            "owner_id": "813368204730",
                            "tags.%": "1",
                            "tags.Name": "Apache_VPC"
                        },
                        "meta": {
                            "schema_version": "1"
                        },
                        "tainted": false
                    },
                    "deposed": [],
                    "provider": "provider.aws"
                }
            },
            "depends_on": []
        }
    ]
}
